
Microsoft Visual Studio Solution File, Format Version 12.00
# Visual Studio Version 17
VisualStudioVersion = 17.5.002.0
MinimumVisualStudioVersion = 10.0.40219.1
Project("{9A19103F-16F7-4668-BE54-9A1E7A4F7556}") = "CSharp_ProgramingStudy", "CSharp_ProgramingStudy.csproj", "{808B2DE9-8DA7-4E8E-8A90-C3E0B02D66DF}"
EndProject
Global
	GlobalSection(SolutionConfigurationPlatforms) = preSolution
		Debug|Any CPU = Debug|Any CPU
		Release|Any CPU = Release|Any CPU
	EndGlobalSection
	GlobalSection(ProjectConfigurationPlatforms) = postSolution
		{808B2DE9-8DA7-4E8E-8A90-C3E0B02D66DF}.Debug|Any CPU.ActiveCfg = Debug|Any CPU
		{808B2DE9-8DA7-4E8E-8A90-C3E0B02D66DF}.Debug|Any CPU.Build.0 = Debug|Any CPU
		{808B2DE9-8DA7-4E8E-8A90-C3E0B02D66DF}.Release|Any CPU.ActiveCfg = Release|Any CPU
		{808B2DE9-8DA7-4E8E-8A90-C3E0B02D66DF}.Release|Any CPU.Build.0 = Release|Any CPU
	EndGlobalSection
	GlobalSection(SolutionProperties) = preSolution
		HideSolutionNode = FALSE
	EndGlobalSection
	GlobalSection(ExtensibilityGlobals) = postSolution
		SolutionGuid = {C8998C91-5637-4EEA-816B-F92073988FDD}
	EndGlobalSection
EndGlobal
